{
  "name": "online_resume",
  "version": "1.0.0",
  "lockfileVersion": 1,
  "requires": true,
  "dependencies": {
    "@sparing-software/100vh": {
      "version": "1.1.0",
      "resolved": "https://registry.npmjs.org/@sparing-software/100vh/-/100vh-1.1.0.tgz",
      "integrity": "sha512-7+InCGV8z+EcoZ3wFnrBiFh3Ao+Puz3ky0mH8y2uu1wKglWt1N3JEuhLAEbqXKgrLBLGnIvuA9CaCObawk/qzQ=="
    }
  }
}
